
Microsoft Visual Studio Solution File, Format Version 12.00
# Visual Studio Version 16
VisualStudioVersion = 16.0.30104.148
MinimumVisualStudioVersion = 10.0.40219.1
Project("{FAE04EC0-301F-11D3-BF4B-00C04F79EFBC}") = "FieldDataTest", "FieldDataTest\FieldDataTest.csproj", "{439C8153-2B9F-4A86-9AB8-2A38DA640913}"
EndProject
Project("{9A19103F-16F7-4668-BE54-9A1E7A4F7556}") = "DataFactory", "DataFactory\DataFactory.csproj", "{D4A4E5B4-2C2D-43BE-A006-29D50D3F2D3C}"
EndProject
Project("{9A19103F-16F7-4668-BE54-9A1E7A4F7556}") = "DataMonitor", "DataMonitor\DataMonitor.csproj", "{BF2EA74C-D8E5-41F8-A058-93B7D61B908E}"
EndProject
Project("{9A19103F-16F7-4668-BE54-9A1E7A4F7556}") = "FieldData.Core", "FieldData.Core\FieldData.Core.csproj", "{CED6A089-0B46-4DD9-9FF3-F87B9E9CC2B8}"
EndProject
Project("{FAE04EC0-301F-11D3-BF4B-00C04F79EFBC}") = "FieldData.Uwp", "FieldData.Uwp\FieldData.Uwp.csproj", "{0CEC5B9B-ADAF-416E-9E29-78B1F92B6E50}"
EndProject
Global
	GlobalSection(SolutionConfigurationPlatforms) = preSolution
		Debug|Any CPU = Debug|Any CPU
		Debug|ARM = Debug|ARM
		Debug|ARM64 = Debug|ARM64
		Debug|x64 = Debug|x64
		Debug|x86 = Debug|x86
		Release|Any CPU = Release|Any CPU
		Release|ARM = Release|ARM
		Release|ARM64 = Release|ARM64
		Release|x64 = Release|x64
		Release|x86 = Release|x86
	EndGlobalSection
	GlobalSection(ProjectConfigurationPlatforms) = postSolution
		{439C8153-2B9F-4A86-9AB8-2A38DA640913}.Debug|Any CPU.ActiveCfg = Debug|Any CPU
		{439C8153-2B9F-4A86-9AB8-2A38DA640913}.Debug|Any CPU.Build.0 = Debug|Any CPU
		{439C8153-2B9F-4A86-9AB8-2A38DA640913}.Debug|ARM.ActiveCfg = Debug|Any CPU
		{439C8153-2B9F-4A86-9AB8-2A38DA640913}.Debug|ARM.Build.0 = Debug|Any CPU
		{439C8153-2B9F-4A86-9AB8-2A38DA640913}.Debug|ARM64.ActiveCfg = Debug|Any CPU
		{439C8153-2B9F-4A86-9AB8-2A38DA640913}.Debug|ARM64.Build.0 = Debug|Any CPU
		{439C8153-2B9F-4A86-9AB8-2A38DA640913}.Debug|x64.ActiveCfg = Debug|Any CPU
		{439C8153-2B9F-4A86-9AB8-2A38DA640913}.Debug|x64.Build.0 = Debug|Any CPU
		{439C8153-2B9F-4A86-9AB8-2A38DA640913}.Debug|x86.ActiveCfg = Debug|Any CPU
		{439C8153-2B9F-4A86-9AB8-2A38DA640913}.Debug|x86.Build.0 = Debug|Any CPU
		{439C8153-2B9F-4A86-9AB8-2A38DA640913}.Release|Any CPU.ActiveCfg = Release|Any CPU
		{439C8153-2B9F-4A86-9AB8-2A38DA640913}.Release|Any CPU.Build.0 = Release|Any CPU
		{439C8153-2B9F-4A86-9AB8-2A38DA640913}.Release|ARM.ActiveCfg = Release|Any CPU
		{439C8153-2B9F-4A86-9AB8-2A38DA640913}.Release|ARM.Build.0 = Release|Any CPU
		{439C8153-2B9F-4A86-9AB8-2A38DA640913}.Release|ARM64.ActiveCfg = Release|Any CPU
		{439C8153-2B9F-4A86-9AB8-2A38DA640913}.Release|ARM64.Build.0 = Release|Any CPU
		{439C8153-2B9F-4A86-9AB8-2A38DA640913}.Release|x64.ActiveCfg = Release|Any CPU
		{439C8153-2B9F-4A86-9AB8-2A38DA640913}.Release|x64.Build.0 = Release|Any CPU
		{439C8153-2B9F-4A86-9AB8-2A38DA640913}.Release|x86.ActiveCfg = Release|Any CPU
		{439C8153-2B9F-4A86-9AB8-2A38DA640913}.Release|x86.Build.0 = Release|Any CPU
		{D4A4E5B4-2C2D-43BE-A006-29D50D3F2D3C}.Debug|Any CPU.ActiveCfg = Debug|Any CPU
		{D4A4E5B4-2C2D-43BE-A006-29D50D3F2D3C}.Debug|Any CPU.Build.0 = Debug|Any CPU
		{D4A4E5B4-2C2D-43BE-A006-29D50D3F2D3C}.Debug|ARM.ActiveCfg = Debug|Any CPU
		{D4A4E5B4-2C2D-43BE-A006-29D50D3F2D3C}.Debug|ARM.Build.0 = Debug|Any CPU
		{D4A4E5B4-2C2D-43BE-A006-29D50D3F2D3C}.Debug|ARM64.ActiveCfg = Debug|Any CPU
		{D4A4E5B4-2C2D-43BE-A006-29D50D3F2D3C}.Debug|ARM64.Build.0 = Debug|Any CPU
		{D4A4E5B4-2C2D-43BE-A006-29D50D3F2D3C}.Debug|x64.ActiveCfg = Debug|Any CPU
		{D4A4E5B4-2C2D-43BE-A006-29D50D3F2D3C}.Debug|x64.Build.0 = Debug|Any CPU
		{D4A4E5B4-2C2D-43BE-A006-29D50D3F2D3C}.Debug|x86.ActiveCfg = Debug|Any CPU
		{D4A4E5B4-2C2D-43BE-A006-29D50D3F2D3C}.Debug|x86.Build.0 = Debug|Any CPU
		{D4A4E5B4-2C2D-43BE-A006-29D50D3F2D3C}.Release|Any CPU.ActiveCfg = Release|Any CPU
		{D4A4E5B4-2C2D-43BE-A006-29D50D3F2D3C}.Release|Any CPU.Build.0 = Release|Any CPU
		{D4A4E5B4-2C2D-43BE-A006-29D50D3F2D3C}.Release|ARM.ActiveCfg = Release|Any CPU
		{D4A4E5B4-2C2D-43BE-A006-29D50D3F2D3C}.Release|ARM.Build.0 = Release|Any CPU
		{D4A4E5B4-2C2D-43BE-A006-29D50D3F2D3C}.Release|ARM64.ActiveCfg = Release|Any CPU
		{D4A4E5B4-2C2D-43BE-A006-29D50D3F2D3C}.Release|ARM64.Build.0 = Release|Any CPU
		{D4A4E5B4-2C2D-43BE-A006-29D50D3F2D3C}.Release|x64.ActiveCfg = Release|Any CPU
		{D4A4E5B4-2C2D-43BE-A006-29D50D3F2D3C}.Release|x64.Build.0 = Release|Any CPU
		{D4A4E5B4-2C2D-43BE-A006-29D50D3F2D3C}.Release|x86.ActiveCfg = Release|Any CPU
		{D4A4E5B4-2C2D-43BE-A006-29D50D3F2D3C}.Release|x86.Build.0 = Release|Any CPU
		{BF2EA74C-D8E5-41F8-A058-93B7D61B908E}.Debug|Any CPU.ActiveCfg = Debug|Any CPU
		{BF2EA74C-D8E5-41F8-A058-93B7D61B908E}.Debug|Any CPU.Build.0 = Debug|Any CPU
		{BF2EA74C-D8E5-41F8-A058-93B7D61B908E}.Debug|ARM.ActiveCfg = Debug|Any CPU
		{BF2EA74C-D8E5-41F8-A058-93B7D61B908E}.Debug|ARM.Build.0 = Debug|Any CPU
		{BF2EA74C-D8E5-41F8-A058-93B7D61B908E}.Debug|ARM64.ActiveCfg = Debug|Any CPU
		{BF2EA74C-D8E5-41F8-A058-93B7D61B908E}.Debug|ARM64.Build.0 = Debug|Any CPU
		{BF2EA74C-D8E5-41F8-A058-93B7D61B908E}.Debug|x64.ActiveCfg = Debug|Any CPU
		{BF2EA74C-D8E5-41F8-A058-93B7D61B908E}.Debug|x64.Build.0 = Debug|Any CPU
		{BF2EA74C-D8E5-41F8-A058-93B7D61B908E}.Debug|x86.ActiveCfg = Debug|Any CPU
		{BF2EA74C-D8E5-41F8-A058-93B7D61B908E}.Debug|x86.Build.0 = Debug|Any CPU
		{BF2EA74C-D8E5-41F8-A058-93B7D61B908E}.Release|Any CPU.ActiveCfg = Release|Any CPU
		{BF2EA74C-D8E5-41F8-A058-93B7D61B908E}.Release|Any CPU.Build.0 = Release|Any CPU
		{BF2EA74C-D8E5-41F8-A058-93B7D61B908E}.Release|ARM.ActiveCfg = Release|Any CPU
		{BF2EA74C-D8E5-41F8-A058-93B7D61B908E}.Release|ARM.Build.0 = Release|Any CPU
		{BF2EA74C-D8E5-41F8-A058-93B7D61B908E}.Release|ARM64.ActiveCfg = Release|Any CPU
		{BF2EA74C-D8E5-41F8-A058-93B7D61B908E}.Release|ARM64.Build.0 = Release|Any CPU
		{BF2EA74C-D8E5-41F8-A058-93B7D61B908E}.Release|x64.ActiveCfg = Release|Any CPU
		{BF2EA74C-D8E5-41F8-A058-93B7D61B908E}.Release|x64.Build.0 = Release|Any CPU
		{BF2EA74C-D8E5-41F8-A058-93B7D61B908E}.Release|x86.ActiveCfg = Release|Any CPU
		{BF2EA74C-D8E5-41F8-A058-93B7D61B908E}.Release|x86.Build.0 = Release|Any CPU
		{CED6A089-0B46-4DD9-9FF3-F87B9E9CC2B8}.Debug|Any CPU.ActiveCfg = Debug|Any CPU
		{CED6A089-0B46-4DD9-9FF3-F87B9E9CC2B8}.Debug|Any CPU.Build.0 = Debug|Any CPU
		{CED6A089-0B46-4DD9-9FF3-F87B9E9CC2B8}.Debug|ARM.ActiveCfg = Debug|Any CPU
		{CED6A089-0B46-4DD9-9FF3-F87B9E9CC2B8}.Debug|ARM.Build.0 = Debug|Any CPU
		{CED6A089-0B46-4DD9-9FF3-F87B9E9CC2B8}.Debug|ARM64.ActiveCfg = Debug|Any CPU
		{CED6A089-0B46-4DD9-9FF3-F87B9E9CC2B8}.Debug|ARM64.Build.0 = Debug|Any CPU
		{CED6A089-0B46-4DD9-9FF3-F87B9E9CC2B8}.Debug|x64.ActiveCfg = Debug|Any CPU
		{CED6A089-0B46-4DD9-9FF3-F87B9E9CC2B8}.Debug|x64.Build.0 = Debug|Any CPU
		{CED6A089-0B46-4DD9-9FF3-F87B9E9CC2B8}.Debug|x86.ActiveCfg = Debug|Any CPU
		{CED6A089-0B46-4DD9-9FF3-F87B9E9CC2B8}.Debug|x86.Build.0 = Debug|Any CPU
		{CED6A089-0B46-4DD9-9FF3-F87B9E9CC2B8}.Release|Any CPU.ActiveCfg = Release|Any CPU
		{CED6A089-0B46-4DD9-9FF3-F87B9E9CC2B8}.Release|Any CPU.Build.0 = Release|Any CPU
		{CED6A089-0B46-4DD9-9FF3-F87B9E9CC2B8}.Release|ARM.ActiveCfg = Release|Any CPU
		{CED6A089-0B46-4DD9-9FF3-F87B9E9CC2B8}.Release|ARM.Build.0 = Release|Any CPU
		{CED6A089-0B46-4DD9-9FF3-F87B9E9CC2B8}.Release|ARM64.ActiveCfg = Release|Any CPU
		{CED6A089-0B46-4DD9-9FF3-F87B9E9CC2B8}.Release|ARM64.Build.0 = Release|Any CPU
		{CED6A089-0B46-4DD9-9FF3-F87B9E9CC2B8}.Release|x64.ActiveCfg = Release|Any CPU
		{CED6A089-0B46-4DD9-9FF3-F87B9E9CC2B8}.Release|x64.Build.0 = Release|Any CPU
		{CED6A089-0B46-4DD9-9FF3-F87B9E9CC2B8}.Release|x86.ActiveCfg = Release|Any CPU
		{CED6A089-0B46-4DD9-9FF3-F87B9E9CC2B8}.Release|x86.Build.0 = Release|Any CPU
		{0CEC5B9B-ADAF-416E-9E29-78B1F92B6E50}.Debug|Any CPU.ActiveCfg = Debug|x86
		{0CEC5B9B-ADAF-416E-9E29-78B1F92B6E50}.Debug|Any CPU.Build.0 = Debug|x86
		{0CEC5B9B-ADAF-416E-9E29-78B1F92B6E50}.Debug|Any CPU.Deploy.0 = Debug|x86
		{0CEC5B9B-ADAF-416E-9E29-78B1F92B6E50}.Debug|ARM.ActiveCfg = Debug|ARM
		{0CEC5B9B-ADAF-416E-9E29-78B1F92B6E50}.Debug|ARM.Build.0 = Debug|ARM
		{0CEC5B9B-ADAF-416E-9E29-78B1F92B6E50}.Debug|ARM.Deploy.0 = Debug|ARM
		{0CEC5B9B-ADAF-416E-9E29-78B1F92B6E50}.Debug|ARM64.ActiveCfg = Debug|ARM64
		{0CEC5B9B-ADAF-416E-9E29-78B1F92B6E50}.Debug|ARM64.Build.0 = Debug|ARM64
		{0CEC5B9B-ADAF-416E-9E29-78B1F92B6E50}.Debug|ARM64.Deploy.0 = Debug|ARM64
		{0CEC5B9B-ADAF-416E-9E29-78B1F92B6E50}.Debug|x64.ActiveCfg = Debug|x64
		{0CEC5B9B-ADAF-416E-9E29-78B1F92B6E50}.Debug|x64.Build.0 = Debug|x64
		{0CEC5B9B-ADAF-416E-9E29-78B1F92B6E50}.Debug|x64.Deploy.0 = Debug|x64
		{0CEC5B9B-ADAF-416E-9E29-78B1F92B6E50}.Debug|x86.ActiveCfg = Debug|x86
		{0CEC5B9B-ADAF-416E-9E29-78B1F92B6E50}.Debug|x86.Build.0 = Debug|x86
		{0CEC5B9B-ADAF-416E-9E29-78B1F92B6E50}.Debug|x86.Deploy.0 = Debug|x86
		{0CEC5B9B-ADAF-416E-9E29-78B1F92B6E50}.Release|Any CPU.ActiveCfg = Release|x86
		{0CEC5B9B-ADAF-416E-9E29-78B1F92B6E50}.Release|ARM.ActiveCfg = Release|ARM
		{0CEC5B9B-ADAF-416E-9E29-78B1F92B6E50}.Release|ARM.Build.0 = Release|ARM
		{0CEC5B9B-ADAF-416E-9E29-78B1F92B6E50}.Release|ARM.Deploy.0 = Release|ARM
		{0CEC5B9B-ADAF-416E-9E29-78B1F92B6E50}.Release|ARM64.ActiveCfg = Release|ARM64
		{0CEC5B9B-ADAF-416E-9E29-78B1F92B6E50}.Release|ARM64.Build.0 = Release|ARM64
		{0CEC5B9B-ADAF-416E-9E29-78B1F92B6E50}.Release|ARM64.Deploy.0 = Release|ARM64
		{0CEC5B9B-ADAF-416E-9E29-78B1F92B6E50}.Release|x64.ActiveCfg = Release|x64
		{0CEC5B9B-ADAF-416E-9E29-78B1F92B6E50}.Release|x64.Build.0 = Release|x64
		{0CEC5B9B-ADAF-416E-9E29-78B1F92B6E50}.Release|x64.Deploy.0 = Release|x64
		{0CEC5B9B-ADAF-416E-9E29-78B1F92B6E50}.Release|x86.ActiveCfg = Release|x86
		{0CEC5B9B-ADAF-416E-9E29-78B1F92B6E50}.Release|x86.Build.0 = Release|x86
		{0CEC5B9B-ADAF-416E-9E29-78B1F92B6E50}.Release|x86.Deploy.0 = Release|x86
	EndGlobalSection
	GlobalSection(SolutionProperties) = preSolution
		HideSolutionNode = FALSE
	EndGlobalSection
	GlobalSection(ExtensibilityGlobals) = postSolution
		SolutionGuid = {338F44D0-80B7-4A92-A3CA-9492B28F44A5}
	EndGlobalSection
EndGlobal
